
Microsoft Visual Studio Solution File, Format Version 12.00
# Visual Studio Version 17
VisualStudioVersion = 17.5.33530.505
MinimumVisualStudioVersion = 10.0.40219.1
Project("{FAE04EC0-301F-11D3-BF4B-00C04F79EFBC}") = "WpfTimer", "WpfTimer\WpfTimer.csproj", "{63D0E125-942C-473E-90D2-599BB52E7E01}"
EndProject
Global
	GlobalSection(SolutionConfigurationPlatforms) = preSolution
		Debug|Any CPU = Debug|Any CPU
		Release|Any CPU = Release|Any CPU
	EndGlobalSection
	GlobalSection(ProjectConfigurationPlatforms) = postSolution
		{63D0E125-942C-473E-90D2-599BB52E7E01}.Debug|Any CPU.ActiveCfg = Debug|Any CPU
		{63D0E125-942C-473E-90D2-599BB52E7E01}.Debug|Any CPU.Build.0 = Debug|Any CPU
		{63D0E125-942C-473E-90D2-599BB52E7E01}.Release|Any CPU.ActiveCfg = Release|Any CPU
		{63D0E125-942C-473E-90D2-599BB52E7E01}.Release|Any CPU.Build.0 = Release|Any CPU
	EndGlobalSection
	GlobalSection(SolutionProperties) = preSolution
		HideSolutionNode = FALSE
	EndGlobalSection
	GlobalSection(ExtensibilityGlobals) = postSolution
		SolutionGuid = {FD5A12D1-A320-4A4A-A233-D15E918F8B92}
	EndGlobalSection
EndGlobal
